
Microsoft Visual Studio Solution File, Format Version 12.00
# Visual Studio Version 16
VisualStudioVersion = 16.0.30717.126
MinimumVisualStudioVersion = 10.0.40219.1
Project("{FAE04EC0-301F-11D3-BF4B-00C04F79EFBC}") = "CSVImporter", "CSVImporter\CSVImporter.csproj", "{EED4E854-FABD-4E96-BCB0-67F24F5707A3}"
EndProject
Project("{2150E333-8FDC-42A3-9474-1A3956D46DE8}") = "Solution Items", "Solution Items", "{CC74E8A1-0F29-4FA1-B195-0BF113FDF936}"
	ProjectSection(SolutionItems) = preProject
		README.md = README.md
	EndProjectSection
EndProject
Global
	GlobalSection(SolutionConfigurationPlatforms) = preSolution
		Debug|Any CPU = Debug|Any CPU
		Release|Any CPU = Release|Any CPU
	EndGlobalSection
	GlobalSection(ProjectConfigurationPlatforms) = postSolution
		{EED4E854-FABD-4E96-BCB0-67F24F5707A3}.Debug|Any CPU.ActiveCfg = Debug|Any CPU
		{EED4E854-FABD-4E96-BCB0-67F24F5707A3}.Debug|Any CPU.Build.0 = Debug|Any CPU
		{EED4E854-FABD-4E96-BCB0-67F24F5707A3}.Release|Any CPU.ActiveCfg = Release|Any CPU
		{EED4E854-FABD-4E96-BCB0-67F24F5707A3}.Release|Any CPU.Build.0 = Release|Any CPU
	EndGlobalSection
	GlobalSection(SolutionProperties) = preSolution
		HideSolutionNode = FALSE
	EndGlobalSection
	GlobalSection(ExtensibilityGlobals) = postSolution
		SolutionGuid = {F357D5D5-ED1A-4A80-B1B9-142EC6D28B04}
	EndGlobalSection
EndGlobal
